<?xml version="1.0" encoding="utf-8"?>
<Project ToolsVersion="4.0" xmlns="http://schemas.microsoft.com/developer/msbuild/2003">
  <ItemGroup>
    <Filter Include="Host">
      <UniqueIdentifier>{021b3a1d-d9cf-42f2-bf8a-fc50edb13c9b}</UniqueIdentifier>
    </Filter>
    <Filter Include="Env">
      <UniqueIdentifier>{331cfd65-3ac0-4813-aa2f-c4fa4bb06c61}</UniqueIdentifier>
    </Filter>
  </ItemGroup>
  <ItemGroup>
    <ClCompile Include="host\main.cpp">
      <Filter>Host</Filter>
    </ClCompile>
    <ClCompile Include="host\serial.cpp">
      <Filter>Host</Filter>
    </ClCompile>
    <ClCompile Include="host\debug.cpp">
      <Filter>Host</Filter>
    </ClCompile>
    <ClCompile Include="host\times.cpp">
      <Filter>Host</Filter>
    </ClCompile>
    <ClCompile Include="env\env.c" />
  </ItemGroup>
</Project>